
Microsoft Visual Studio Solution File, Format Version 12.00
# Visual Studio 15
VisualStudioVersion = 15.0.28010.0
MinimumVisualStudioVersion = 10.0.40219.1
Project("{FAE04EC0-301F-11D3-BF4B-00C04F79EFBC}") = "Web", "Web\Web.csproj", "{5EF128E1-7E8B-41D1-AFED-4A9E1630742A}"
EndProject
Global
	GlobalSection(SolutionConfigurationPlatforms) = preSolution
		Debug|Any CPU = Debug|Any CPU
		Release|Any CPU = Release|Any CPU
	EndGlobalSection
	GlobalSection(ProjectConfigurationPlatforms) = postSolution
		{5EF128E1-7E8B-41D1-AFED-4A9E1630742A}.Debug|Any CPU.ActiveCfg = Debug|Any CPU
		{5EF128E1-7E8B-41D1-AFED-4A9E1630742A}.Debug|Any CPU.Build.0 = Debug|Any CPU
		{5EF128E1-7E8B-41D1-AFED-4A9E1630742A}.Release|Any CPU.ActiveCfg = Release|Any CPU
		{5EF128E1-7E8B-41D1-AFED-4A9E1630742A}.Release|Any CPU.Build.0 = Release|Any CPU
	EndGlobalSection
	GlobalSection(SolutionProperties) = preSolution
		HideSolutionNode = FALSE
	EndGlobalSection
	GlobalSection(ExtensibilityGlobals) = postSolution
		LessCompiler = 5ef128e1-7e8b-41d1-afed-4a9e1630742a
		SolutionGuid = {AC0752E0-D232-448D-BDC2-B94941FD6FA5}
	EndGlobalSection
	GlobalSection(TeamFoundationVersionControl) = preSolution
		SccNumberOfProjects = 2
		SccEnterpriseProvider = {4CA58AB2-18FA-4F8D-95D4-32DDF27D184C}
		SccTeamFoundationServer = https://pooriya.visualstudio.com/
		SccLocalPath0 = .
		SccProjectUniqueName1 = Web\\Web.csproj
		SccProjectName1 = Web
		SccLocalPath1 = Web
	EndGlobalSection
EndGlobal
